
Microsoft Visual Studio Solution File, Format Version 12.00
# Visual Studio Version 17
VisualStudioVersion = 17.1.32414.318
MinimumVisualStudioVersion = 10.0.40219.1
Project("{9A19103F-16F7-4668-BE54-9A1E7A4F7556}") = "RestaurantUI", "RestaurantUI\RestaurantUI.csproj", "{F5E0B8B3-EA28-4C88-B45F-E40E936C9319}"
EndProject
Project("{9A19103F-16F7-4668-BE54-9A1E7A4F7556}") = "Restaurant.DAL", "Restaurant.DAL\Restaurant.DAL.csproj", "{D52BC19E-1686-40A5-B506-C05FACB855D7}"
EndProject
Project("{9A19103F-16F7-4668-BE54-9A1E7A4F7556}") = "Restaurant.Models", "Restaurant.Models\Restaurant.Models.csproj", "{C4690660-12F0-482C-81AC-0496A6A74981}"
EndProject
Global
	GlobalSection(SolutionConfigurationPlatforms) = preSolution
		Debug|Any CPU = Debug|Any CPU
		Release|Any CPU = Release|Any CPU
	EndGlobalSection
	GlobalSection(ProjectConfigurationPlatforms) = postSolution
		{F5E0B8B3-EA28-4C88-B45F-E40E936C9319}.Debug|Any CPU.ActiveCfg = Debug|Any CPU
		{F5E0B8B3-EA28-4C88-B45F-E40E936C9319}.Debug|Any CPU.Build.0 = Debug|Any CPU
		{F5E0B8B3-EA28-4C88-B45F-E40E936C9319}.Release|Any CPU.ActiveCfg = Release|Any CPU
		{F5E0B8B3-EA28-4C88-B45F-E40E936C9319}.Release|Any CPU.Build.0 = Release|Any CPU
		{D52BC19E-1686-40A5-B506-C05FACB855D7}.Debug|Any CPU.ActiveCfg = Debug|Any CPU
		{D52BC19E-1686-40A5-B506-C05FACB855D7}.Debug|Any CPU.Build.0 = Debug|Any CPU
		{D52BC19E-1686-40A5-B506-C05FACB855D7}.Release|Any CPU.ActiveCfg = Release|Any CPU
		{D52BC19E-1686-40A5-B506-C05FACB855D7}.Release|Any CPU.Build.0 = Release|Any CPU
		{C4690660-12F0-482C-81AC-0496A6A74981}.Debug|Any CPU.ActiveCfg = Debug|Any CPU
		{C4690660-12F0-482C-81AC-0496A6A74981}.Debug|Any CPU.Build.0 = Debug|Any CPU
		{C4690660-12F0-482C-81AC-0496A6A74981}.Release|Any CPU.ActiveCfg = Release|Any CPU
		{C4690660-12F0-482C-81AC-0496A6A74981}.Release|Any CPU.Build.0 = Release|Any CPU
	EndGlobalSection
	GlobalSection(SolutionProperties) = preSolution
		HideSolutionNode = FALSE
	EndGlobalSection
	GlobalSection(ExtensibilityGlobals) = postSolution
		SolutionGuid = {FB2E61E4-F3B8-47B7-9B02-E377AF081B11}
	EndGlobalSection
EndGlobal
